
Microsoft Visual Studio Solution File, Format Version 12.00
# Visual Studio Version 16
VisualStudioVersion = 16.0.30717.126
MinimumVisualStudioVersion = 10.0.40219.1
Project("{FAE04EC0-301F-11D3-BF4B-00C04F79EFBC}") = "PruebaSerializacionProyecto", "PruebaSerializacionProyecto\PruebaSerializacionProyecto.csproj", "{3619C43B-4A2E-4CEA-B68C-3ED0D6C7D5E0}"
EndProject
Global
	GlobalSection(SolutionConfigurationPlatforms) = preSolution
		Debug|Any CPU = Debug|Any CPU
		Release|Any CPU = Release|Any CPU
	EndGlobalSection
	GlobalSection(ProjectConfigurationPlatforms) = postSolution
		{3619C43B-4A2E-4CEA-B68C-3ED0D6C7D5E0}.Debug|Any CPU.ActiveCfg = Debug|Any CPU
		{3619C43B-4A2E-4CEA-B68C-3ED0D6C7D5E0}.Debug|Any CPU.Build.0 = Debug|Any CPU
		{3619C43B-4A2E-4CEA-B68C-3ED0D6C7D5E0}.Release|Any CPU.ActiveCfg = Release|Any CPU
		{3619C43B-4A2E-4CEA-B68C-3ED0D6C7D5E0}.Release|Any CPU.Build.0 = Release|Any CPU
	EndGlobalSection
	GlobalSection(SolutionProperties) = preSolution
		HideSolutionNode = FALSE
	EndGlobalSection
	GlobalSection(ExtensibilityGlobals) = postSolution
		SolutionGuid = {2F3B3C3E-E84C-4AE6-95B3-9F4C108E0AD7}
	EndGlobalSection
EndGlobal
